hash: 5aaf865024c21de0c0651cebe7a38e767bb128e68af7e83826d6edb817c8f297
updated: 2017-03-01T12:38:39.877426348+05:30
imports:
- name: github.com/ContinuumLLC/platform-api-model
  version: 61cbd3582ac41f20fe15013b7a2d98526e620209
  subpackages:
  - clients/model/Golang/resourceModel/asset
- name: github.com/ContinuumLLC/platform-common-lib
  version: c18c7aa2da5c1e345eaebd081f1ad40028ae4ac7
  subpackages:
  - src/clar
  - src/clar/mock
  - src/env
  - src/env/mock
  - src/exception
  - src/json
  - src/json/mock
  - src/logging
  - src/plugin/protocol
  - src/plugin/protocol/http
  - src/pluginUtils
  - src/procParser
  - src/procParser/mock
- name: github.com/golang/mock
  version: bd3c8e81be01eef76d4b503f5e687d2d1354d2d9
  subpackages:
  - gomock
- name: github.com/gorilla/context
  version: 08b5f424b9271eedf6f9f0ce86cb9396ed337a42
- name: github.com/gorilla/mux
  version: 392c28fe23e1c45ddba891b0320b3b5df220beea
- name: github.com/pkg/errors
  version: 645ef00459ed84a119197bfb8d8205042c6df63d
testImports: []
